dependencies:
  espressif/mdns:
    component_hash: e81ca7a7f53ea34e78274df054da692c272e1315572876b237b1748e267c013b
    dependencies:
    - name: idf
      require: private
      version: '>=5.0'
    source:
      registry_url: https://components.espressif.com/
      type: service
    version: 1.11.3
  idf:
    source:
      type: idf
    version: 5.5.2
direct_dependencies:
- espressif/mdns
- idf
manifest_hash: 50903296ce04e1db9c8ebbc9b5c1bef4b3c11a51757e333c85d84bbd21d660ac
target: esp32c6
version: 2.0.0
